
Microsoft Visual Studio Solution File, Format Version 12.00
# Visual Studio Version 16
VisualStudioVersion = 16.0.31205.134
MinimumVisualStudioVersion = 10.0.40219.1
Project("{FAE04EC0-301F-11D3-BF4B-00C04F79EFBC}") = "ITMO.WinForm.lab1.exp1", "ITMO.WinForm\ITMO.WinForm.lab1.exp1.csproj", "{3618BFF2-F321-4052-9B2A-24C1661EC581}"
EndProject
Project("{FAE04EC0-301F-11D3-BF4B-00C04F79EFBC}") = "ITMO.WinForm.lab1.exp2", "ITMO.WinForm.exp2\ITMO.WinForm.lab1.exp2.csproj", "{20652C1F-43A0-44AA-87B3-6C25FDFBFE0E}"
EndProject
Project("{FAE04EC0-301F-11D3-BF4B-00C04F79EFBC}") = "ITMO.WinForm.lab1.exp4", "ITMO.WinForm.exp4\ITMO.WinForm.lab1.exp4.csproj", "{B5043903-BC11-423C-B722-AE69C27AC735}"
EndProject
Project("{FAE04EC0-301F-11D3-BF4B-00C04F79EFBC}") = "ITMO.WinForm.lab1.exp5.check", "ITMO.WinForm.exp5.check\ITMO.WinForm.lab1.exp5.check.csproj", "{DDA1D1D1-8284-4BA3-8516-EF6665B17A48}"
EndProject
Project("{FAE04EC0-301F-11D3-BF4B-00C04F79EFBC}") = "ITMO.WinForm.lab2.exp1", "ITMO.WinForm.lab2.exp1\ITMO.WinForm.lab2.exp1.csproj", "{C7CA15F6-C777-46A0-9E7B-FF5790E9AFA3}"
EndProject
Project("{FAE04EC0-301F-11D3-BF4B-00C04F79EFBC}") = "ITMO.WinForm.lab2.exp2", "ITMO.WinForm.lab2.exp2\ITMO.WinForm.lab2.exp2.csproj", "{D43B3AC8-B5AB-4151-BCC5-10A30DFC0DB7}"
EndProject
Global
	GlobalSection(SolutionConfigurationPlatforms) = preSolution
		Debug|Any CPU = Debug|Any CPU
		Release|Any CPU = Release|Any CPU
	EndGlobalSection
	GlobalSection(ProjectConfigurationPlatforms) = postSolution
		{3618BFF2-F321-4052-9B2A-24C1661EC581}.Debug|Any CPU.ActiveCfg = Debug|Any CPU
		{3618BFF2-F321-4052-9B2A-24C1661EC581}.Debug|Any CPU.Build.0 = Debug|Any CPU
		{3618BFF2-F321-4052-9B2A-24C1661EC581}.Release|Any CPU.ActiveCfg = Release|Any CPU
		{3618BFF2-F321-4052-9B2A-24C1661EC581}.Release|Any CPU.Build.0 = Release|Any CPU
		{20652C1F-43A0-44AA-87B3-6C25FDFBFE0E}.Debug|Any CPU.ActiveCfg = Debug|Any CPU
		{20652C1F-43A0-44AA-87B3-6C25FDFBFE0E}.Debug|Any CPU.Build.0 = Debug|Any CPU
		{20652C1F-43A0-44AA-87B3-6C25FDFBFE0E}.Release|Any CPU.ActiveCfg = Release|Any CPU
		{20652C1F-43A0-44AA-87B3-6C25FDFBFE0E}.Release|Any CPU.Build.0 = Release|Any CPU
		{B5043903-BC11-423C-B722-AE69C27AC735}.Debug|Any CPU.ActiveCfg = Debug|Any CPU
		{B5043903-BC11-423C-B722-AE69C27AC735}.Debug|Any CPU.Build.0 = Debug|Any CPU
		{B5043903-BC11-423C-B722-AE69C27AC735}.Release|Any CPU.ActiveCfg = Release|Any CPU
		{B5043903-BC11-423C-B722-AE69C27AC735}.Release|Any CPU.Build.0 = Release|Any CPU
		{DDA1D1D1-8284-4BA3-8516-EF6665B17A48}.Debug|Any CPU.ActiveCfg = Debug|Any CPU
		{DDA1D1D1-8284-4BA3-8516-EF6665B17A48}.Debug|Any CPU.Build.0 = Debug|Any CPU
		{DDA1D1D1-8284-4BA3-8516-EF6665B17A48}.Release|Any CPU.ActiveCfg = Release|Any CPU
		{DDA1D1D1-8284-4BA3-8516-EF6665B17A48}.Release|Any CPU.Build.0 = Release|Any CPU
		{C7CA15F6-C777-46A0-9E7B-FF5790E9AFA3}.Debug|Any CPU.ActiveCfg = Debug|Any CPU
		{C7CA15F6-C777-46A0-9E7B-FF5790E9AFA3}.Debug|Any CPU.Build.0 = Debug|Any CPU
		{C7CA15F6-C777-46A0-9E7B-FF5790E9AFA3}.Release|Any CPU.ActiveCfg = Release|Any CPU
		{C7CA15F6-C777-46A0-9E7B-FF5790E9AFA3}.Release|Any CPU.Build.0 = Release|Any CPU
		{D43B3AC8-B5AB-4151-BCC5-10A30DFC0DB7}.Debug|Any CPU.ActiveCfg = Debug|Any CPU
		{D43B3AC8-B5AB-4151-BCC5-10A30DFC0DB7}.Debug|Any CPU.Build.0 = Debug|Any CPU
		{D43B3AC8-B5AB-4151-BCC5-10A30DFC0DB7}.Release|Any CPU.ActiveCfg = Release|Any CPU
		{D43B3AC8-B5AB-4151-BCC5-10A30DFC0DB7}.Release|Any CPU.Build.0 = Release|Any CPU
	EndGlobalSection
	GlobalSection(SolutionProperties) = preSolution
		HideSolutionNode = FALSE
	EndGlobalSection
	GlobalSection(ExtensibilityGlobals) = postSolution
		SolutionGuid = {D735BFA9-E539-46C2-B12A-DA87E73C3AE8}
	EndGlobalSection
EndGlobal
