
Microsoft Visual Studio Solution File, Format Version 12.00
# Visual Studio Version 16
VisualStudioVersion = 16.0.31205.134
MinimumVisualStudioVersion = 10.0.40219.1
Project("{FAE04EC0-301F-11D3-BF4B-00C04F79EFBC}") = "ITMO.WinForm.lab1.exp1", "ITMO.WinForm\ITMO.WinForm.lab1.exp1.csproj", "{3618BFF2-F321-4052-9B2A-24C1661EC581}"
EndProject
Project("{FAE04EC0-301F-11D3-BF4B-00C04F79EFBC}") = "ITMO.WinForm.lab1.exp2", "ITMO.WinForm.exp2\ITMO.WinForm.lab1.exp2.csproj", "{20652C1F-43A0-44AA-87B3-6C25FDFBFE0E}"
EndProject
Project("{FAE04EC0-301F-11D3-BF4B-00C04F79EFBC}") = "ITMO.WinForm.lab1.exp4", "ITMO.WinForm.exp4\ITMO.WinForm.lab1.exp4.csproj", "{B5043903-BC11-423C-B722-AE69C27AC735}"
EndProject
Project("{FAE04EC0-301F-11D3-BF4B-00C04F79EFBC}") = "ITMO.WinForm.lab1.exp5.check", "ITMO.WinForm.exp5.check\ITMO.WinForm.lab1.exp5.check.csproj", "{DDA1D1D1-8284-4BA3-8516-EF6665B17A48}"
EndProject
Project("{FAE04EC0-301F-11D3-BF4B-00C04F79EFBC}") = "ITMO.WinForm.lab2.exp1", "ITMO.WinForm.lab2.exp1\ITMO.WinForm.lab2.exp1.csproj", "{C7CA15F6-C777-46A0-9E7B-FF5790E9AFA3}"
EndProject
Project("{FAE04EC0-301F-11D3-BF4B-00C04F79EFBC}") = "ITMO.WinForm.lab2.exp2", "ITMO.WinForm.lab2.exp2\ITMO.WinForm.lab2.exp2.csproj", "{D43B3AC8-B5AB-4151-BCC5-10A30DFC0DB7}"
EndProject
Project("{FAE04EC0-301F-11D3-BF4B-00C04F79EFBC}") = "ITMO.WinForm.lab2.exp5", "ITMO.WinForm.lab2.exp5\ITMO.WinForm.lab2.exp5.csproj", "{08BED7A6-A6AA-4CE7-85AB-9A05972A9611}"
EndProject
Project("{FAE04EC0-301F-11D3-BF4B-00C04F79EFBC}") = "ITMO.WinForm.lab2.exp6", "ITMO.WinForm.lab2.exp6\ITMO.WinForm.lab2.exp6.csproj", "{38BC5AB3-F7BC-4D38-B680-00CC6D569735}"
EndProject
Project("{FAE04EC0-301F-11D3-BF4B-00C04F79EFBC}") = "ITMO.WinForm.lab2.exp7-8", "ITMO.WinForm.lab2.exp7\ITMO.WinForm.lab2.exp7-8.csproj", "{627B1017-90C5-46CB-B944-5F37AEC8CF18}"
EndProject
Project("{FAE04EC0-301F-11D3-BF4B-00C04F79EFBC}") = "ITMO.WinForm.lab3.exp1", "ITMO.WinForm.lab3.exp1\ITMO.WinForm.lab3.exp1.csproj", "{587D7718-4321-4EEE-BDB8-41514563424B}"
EndProject
Project("{9A19103F-16F7-4668-BE54-9A1E7A4F7556}") = "0WinFormsControlLibrary1", "ITMO.WinForm.lab3.exp1\WinFormsControlLibrary1\0WinFormsControlLibrary1.csproj", "{0DA75051-02F3-4CCC-B5D5-5517BF884FB5}"
EndProject
Project("{FAE04EC0-301F-11D3-BF4B-00C04F79EFBC}") = "ITMO.WinForm.lab3.exp2", "ITMO.WinForm.lab3.exp2\ITMO.WinForm.lab3.exp2.csproj", "{CAAD5671-590E-484B-91F3-291BDDFF7821}"
EndProject
Project("{FAE04EC0-301F-11D3-BF4B-00C04F79EFBC}") = "ITMO.WinForm.lab3.exp3", "ITMO.WinForm.lab3.exp3\ITMO.WinForm.lab3.exp3.csproj", "{96B0B98C-A71A-496B-AFB9-28C501E584BA}"
EndProject
Project("{FAE04EC0-301F-11D3-BF4B-00C04F79EFBC}") = "CalculatorEngine", "..\..\..\Desktop\ИТМО\Разработка Windows-приложений на C#\1_WindowsForms\Практика\Practices\Calc_Starter\CalculatorEngine\CalculatorEngine.csproj", "{429B62D7-A754-484E-90B9-FA28D0CEC101}"
EndProject
Project("{FAE04EC0-301F-11D3-BF4B-00C04F79EFBC}") = "WindowsCalculator", "..\..\..\Desktop\ИТМО\Разработка Windows-приложений на C#\1_WindowsForms\Практика\Practices\Calc_Starter\WindowsCalculator.csproj", "{A2FD2DF4-4FE9-491F-960B-4BFB55A6632F}"
EndProject
Global
	GlobalSection(SolutionConfigurationPlatforms) = preSolution
		Debug|Any CPU = Debug|Any CPU
		Release|Any CPU = Release|Any CPU
	EndGlobalSection
	GlobalSection(ProjectConfigurationPlatforms) = postSolution
		{3618BFF2-F321-4052-9B2A-24C1661EC581}.Debug|Any CPU.ActiveCfg = Debug|Any CPU
		{3618BFF2-F321-4052-9B2A-24C1661EC581}.Debug|Any CPU.Build.0 = Debug|Any CPU
		{3618BFF2-F321-4052-9B2A-24C1661EC581}.Release|Any CPU.ActiveCfg = Release|Any CPU
		{3618BFF2-F321-4052-9B2A-24C1661EC581}.Release|Any CPU.Build.0 = Release|Any CPU
		{20652C1F-43A0-44AA-87B3-6C25FDFBFE0E}.Debug|Any CPU.ActiveCfg = Debug|Any CPU
		{20652C1F-43A0-44AA-87B3-6C25FDFBFE0E}.Debug|Any CPU.Build.0 = Debug|Any CPU
		{20652C1F-43A0-44AA-87B3-6C25FDFBFE0E}.Release|Any CPU.ActiveCfg = Release|Any CPU
		{20652C1F-43A0-44AA-87B3-6C25FDFBFE0E}.Release|Any CPU.Build.0 = Release|Any CPU
		{B5043903-BC11-423C-B722-AE69C27AC735}.Debug|Any CPU.ActiveCfg = Debug|Any CPU
		{B5043903-BC11-423C-B722-AE69C27AC735}.Debug|Any CPU.Build.0 = Debug|Any CPU
		{B5043903-BC11-423C-B722-AE69C27AC735}.Release|Any CPU.ActiveCfg = Release|Any CPU
		{B5043903-BC11-423C-B722-AE69C27AC735}.Release|Any CPU.Build.0 = Release|Any CPU
		{DDA1D1D1-8284-4BA3-8516-EF6665B17A48}.Debug|Any CPU.ActiveCfg = Debug|Any CPU
		{DDA1D1D1-8284-4BA3-8516-EF6665B17A48}.Debug|Any CPU.Build.0 = Debug|Any CPU
		{DDA1D1D1-8284-4BA3-8516-EF6665B17A48}.Release|Any CPU.ActiveCfg = Release|Any CPU
		{DDA1D1D1-8284-4BA3-8516-EF6665B17A48}.Release|Any CPU.Build.0 = Release|Any CPU
		{C7CA15F6-C777-46A0-9E7B-FF5790E9AFA3}.Debug|Any CPU.ActiveCfg = Debug|Any CPU
		{C7CA15F6-C777-46A0-9E7B-FF5790E9AFA3}.Debug|Any CPU.Build.0 = Debug|Any CPU
		{C7CA15F6-C777-46A0-9E7B-FF5790E9AFA3}.Release|Any CPU.ActiveCfg = Release|Any CPU
		{C7CA15F6-C777-46A0-9E7B-FF5790E9AFA3}.Release|Any CPU.Build.0 = Release|Any CPU
		{D43B3AC8-B5AB-4151-BCC5-10A30DFC0DB7}.Debug|Any CPU.ActiveCfg = Debug|Any CPU
		{D43B3AC8-B5AB-4151-BCC5-10A30DFC0DB7}.Debug|Any CPU.Build.0 = Debug|Any CPU
		{D43B3AC8-B5AB-4151-BCC5-10A30DFC0DB7}.Release|Any CPU.ActiveCfg = Release|Any CPU
		{D43B3AC8-B5AB-4151-BCC5-10A30DFC0DB7}.Release|Any CPU.Build.0 = Release|Any CPU
		{08BED7A6-A6AA-4CE7-85AB-9A05972A9611}.Debug|Any CPU.ActiveCfg = Debug|Any CPU
		{08BED7A6-A6AA-4CE7-85AB-9A05972A9611}.Debug|Any CPU.Build.0 = Debug|Any CPU
		{08BED7A6-A6AA-4CE7-85AB-9A05972A9611}.Release|Any CPU.ActiveCfg = Release|Any CPU
		{08BED7A6-A6AA-4CE7-85AB-9A05972A9611}.Release|Any CPU.Build.0 = Release|Any CPU
		{38BC5AB3-F7BC-4D38-B680-00CC6D569735}.Debug|Any CPU.ActiveCfg = Debug|Any CPU
		{38BC5AB3-F7BC-4D38-B680-00CC6D569735}.Debug|Any CPU.Build.0 = Debug|Any CPU
		{38BC5AB3-F7BC-4D38-B680-00CC6D569735}.Release|Any CPU.ActiveCfg = Release|Any CPU
		{38BC5AB3-F7BC-4D38-B680-00CC6D569735}.Release|Any CPU.Build.0 = Release|Any CPU
		{627B1017-90C5-46CB-B944-5F37AEC8CF18}.Debug|Any CPU.ActiveCfg = Debug|Any CPU
		{627B1017-90C5-46CB-B944-5F37AEC8CF18}.Debug|Any CPU.Build.0 = Debug|Any CPU
		{627B1017-90C5-46CB-B944-5F37AEC8CF18}.Release|Any CPU.ActiveCfg = Release|Any CPU
		{627B1017-90C5-46CB-B944-5F37AEC8CF18}.Release|Any CPU.Build.0 = Release|Any CPU
		{587D7718-4321-4EEE-BDB8-41514563424B}.Debug|Any CPU.ActiveCfg = Debug|Any CPU
		{587D7718-4321-4EEE-BDB8-41514563424B}.Debug|Any CPU.Build.0 = Debug|Any CPU
		{587D7718-4321-4EEE-BDB8-41514563424B}.Release|Any CPU.ActiveCfg = Release|Any CPU
		{587D7718-4321-4EEE-BDB8-41514563424B}.Release|Any CPU.Build.0 = Release|Any CPU
		{0DA75051-02F3-4CCC-B5D5-5517BF884FB5}.Debug|Any CPU.ActiveCfg = Debug|Any CPU
		{0DA75051-02F3-4CCC-B5D5-5517BF884FB5}.Debug|Any CPU.Build.0 = Debug|Any CPU
		{0DA75051-02F3-4CCC-B5D5-5517BF884FB5}.Release|Any CPU.ActiveCfg = Release|Any CPU
		{0DA75051-02F3-4CCC-B5D5-5517BF884FB5}.Release|Any CPU.Build.0 = Release|Any CPU
		{CAAD5671-590E-484B-91F3-291BDDFF7821}.Debug|Any CPU.ActiveCfg = Debug|Any CPU
		{CAAD5671-590E-484B-91F3-291BDDFF7821}.Debug|Any CPU.Build.0 = Debug|Any CPU
		{CAAD5671-590E-484B-91F3-291BDDFF7821}.Release|Any CPU.ActiveCfg = Release|Any CPU
		{CAAD5671-590E-484B-91F3-291BDDFF7821}.Release|Any CPU.Build.0 = Release|Any CPU
		{96B0B98C-A71A-496B-AFB9-28C501E584BA}.Debug|Any CPU.ActiveCfg = Debug|Any CPU
		{96B0B98C-A71A-496B-AFB9-28C501E584BA}.Debug|Any CPU.Build.0 = Debug|Any CPU
		{96B0B98C-A71A-496B-AFB9-28C501E584BA}.Release|Any CPU.ActiveCfg = Release|Any CPU
		{96B0B98C-A71A-496B-AFB9-28C501E584BA}.Release|Any CPU.Build.0 = Release|Any CPU
		{429B62D7-A754-484E-90B9-FA28D0CEC101}.Debug|Any CPU.ActiveCfg = Debug|Any CPU
		{429B62D7-A754-484E-90B9-FA28D0CEC101}.Debug|Any CPU.Build.0 = Debug|Any CPU
		{429B62D7-A754-484E-90B9-FA28D0CEC101}.Release|Any CPU.ActiveCfg = Release|Any CPU
		{429B62D7-A754-484E-90B9-FA28D0CEC101}.Release|Any CPU.Build.0 = Release|Any CPU
		{A2FD2DF4-4FE9-491F-960B-4BFB55A6632F}.Debug|Any CPU.ActiveCfg = Debug|Any CPU
		{A2FD2DF4-4FE9-491F-960B-4BFB55A6632F}.Debug|Any CPU.Build.0 = Debug|Any CPU
		{A2FD2DF4-4FE9-491F-960B-4BFB55A6632F}.Release|Any CPU.ActiveCfg = Release|Any CPU
		{A2FD2DF4-4FE9-491F-960B-4BFB55A6632F}.Release|Any CPU.Build.0 = Release|Any CPU
	EndGlobalSection
	GlobalSection(SolutionProperties) = preSolution
		HideSolutionNode = FALSE
	EndGlobalSection
	GlobalSection(ExtensibilityGlobals) = postSolution
		SolutionGuid = {D735BFA9-E539-46C2-B12A-DA87E73C3AE8}
	EndGlobalSection
EndGlobal
